PODS:
  - Alamofire (3.4.0)
  - AlamofireImage (2.4.0):
    - Alamofire (~> 3.3)
  - AlamofireObjectMapper (2.1.2):
    - Alamofire (~> 3.2)
    - ObjectMapper (~> 1.0)
  - libnestegg (0.1)
  - libogg (1.3.2)
  - liboggz (1.1.1):
    - libogg (>= 1.0)
  - libtheora (1.1.1):
    - libogg (>= 1.1)
  - libvorbis (1.3.5):
    - libogg (>= 1.0)
  - libvpx (1.5.0-1021-g59ae167)
  - ObjectMapper (1.3.0)
  - OGVKit (0.5pre):
    - OGVKit/Core (= 0.5pre)
    - OGVKit/libskeleton (= 0.5pre)
    - OGVKit/Ogg (= 0.5pre)
    - OGVKit/OggDemuxer (= 0.5pre)
    - OGVKit/TheoraDecoder (= 0.5pre)
    - OGVKit/VorbisDecoder (= 0.5pre)
    - OGVKit/VP8Decoder (= 0.5pre)
    - OGVKit/WebM (= 0.5pre)
    - OGVKit/WebMDemuxer (= 0.5pre)
  - OGVKit/Core (0.5pre)
  - OGVKit/libskeleton (0.5pre):
    - libogg
  - OGVKit/Ogg (0.5pre):
    - OGVKit/Ogg/Theora (= 0.5pre)
    - OGVKit/Ogg/Vorbis (= 0.5pre)
  - OGVKit/Ogg/Theora (0.5pre):
    - OGVKit/OggDemuxer
    - OGVKit/TheoraDecoder
    - OGVKit/VorbisDecoder
  - OGVKit/Ogg/Vorbis (0.5pre):
    - OGVKit/OggDemuxer
    - OGVKit/VorbisDecoder
  - OGVKit/OggDemuxer (0.5pre):
    - liboggz
    - OGVKit/Core
    - OGVKit/libskeleton (~> 0.4)
  - OGVKit/TheoraDecoder (0.5pre):
    - libtheora
    - OGVKit/Core
  - OGVKit/VorbisDecoder (0.5pre):
    - libvorbis
    - OGVKit/Core
  - OGVKit/VP8Decoder (0.5pre):
    - libvpx (~> 1.5.0-1021-g59ae167)
    - OGVKit/Core
  - OGVKit/WebM (0.5pre):
    - OGVKit/WebM/Vorbis (= 0.5pre)
    - OGVKit/WebM/VP8 (= 0.5pre)
  - OGVKit/WebM/Vorbis (0.5pre):
    - OGVKit/VorbisDecoder
    - OGVKit/WebMDemuxer
  - OGVKit/WebM/VP8 (0.5pre):
    - OGVKit/VorbisDecoder
    - OGVKit/VP8Decoder
    - OGVKit/WebMDemuxer
  - OGVKit/WebMDemuxer (0.5pre):
    - libnestegg
    - OGVKit/Core
  - Realm (1.0.2):
    - Realm/Headers (= 1.0.2)
  - Realm/Headers (1.0.2)
  - RealmSwift (1.0.2):
    - Realm (= 1.0.2)
  - Reveal-iOS-SDK (1.6.2)

DEPENDENCIES:
  - Alamofire (= 3.4)
  - AlamofireImage (~> 2.0)
  - AlamofireObjectMapper (~> 2.1)
  - OGVKit (= 0.5pre)
  - RealmSwift
  - Reveal-iOS-SDK

SPEC CHECKSUMS:
  Alamofire: c19a627cefd6a95f840401c49ab1f124e07f54ee
  AlamofireImage: 87408b652e0f5ae5fe364035f15aea8b9b24c77e
  AlamofireObjectMapper: 82391c31f23e37bdb2660da174bcf81b202da39d
  libnestegg: 29be3e4d84978423ab8a282476c099aa221d1c4e
  libogg: 924cd993b3fcf4d93568f7d582496061ef82716e
  liboggz: 6605f8cd394de0fe330957507179f6bdcce716d1
  libtheora: cf6fb3c5c0db661460d0d54d0a343bc38dc766d3
  libvorbis: ce9ba21bbef15c2060e31e1e33dcdeb3762427b0
  libvpx: a5eeb44d068ae2f597eddf27a9fc097ac423b208
  ObjectMapper: 4eb08a726e9791a93b2632049951b56a7c17e471
  OGVKit: 9c77c0d7853a9cc497dfa773996d0baea0852ed6
  Realm: 9d5c46a4d7d27958530a8dfc58f63a99e5c2cba3
  RealmSwift: 82f3ac5e24530143dddfde2033acc0d308f27d96
  Reveal-iOS-SDK: e2250b3c155bcfac53ae223ddc1f76d08f206c33

PODFILE CHECKSUM: 84edde90b2c4de9c24145faf0a803b84f134ed5c

COCOAPODS: 1.1.0.beta.1
